<?xml version="1.0" encoding="utf-8"?>
<Project ToolsVersion="17.0" xmlns="http://schemas.microsoft.com/developer/msbuild/2003">
  <ItemGroup>
    <ClCompile Include="E:\DataSourceTestAvalonia\src\DataSourceTestToolClient\Application\src\Main.cpp">
      <Filter>Source Files</Filter>
    </ClCompile>
    <ClCompile Include="E:\DataSourceTestAvalonia\src\DataSourceTestToolClient\Application\src\TestToolApplication.cpp">
      <Filter>Source Files</Filter>
    </ClCompile>
    <ClCompile Include="E:\DataSourceTestAvalonia\src\DataSourceTestToolClient\Application\src\datasourcetesttoolclient.cpp">
      <Filter>Source Files</Filter>
    </ClCompile>
  </ItemGroup>
  <ItemGroup>
    <CustomBuild Include="E:\DataSourceTestAvalonia\src\DataSourceTestToolClient\Application\CMakeLists.txt" />
  </ItemGroup>
  <ItemGroup>
    <Filter Include="Source Files">
      <UniqueIdentifier>{7C78485B-7500-38B9-B003-FAB532A2B68C}</UniqueIdentifier>
    </Filter>
  </ItemGroup>
</Project>
