
Microsoft Visual Studio Solution File, Format Version 12.00
# Visual Studio Version 17
Project("{8BC9CEB8-8B4A-11D0-8D11-00A0C91BC942}") = "ALL_BUILD", "ALL_BUILD.vcxproj", "{D2342D0C-1709-319A-B84A-E430AA8833E9}"
	ProjectSection(ProjectDependencies) = postProject
		{0380C6E5-797D-374B-88FF-4C879D15A9EE} = {0380C6E5-797D-374B-88FF-4C879D15A9EE}
		{B69D8A1C-5216-337F-88FE-152593F33BB8} = {B69D8A1C-5216-337F-88FE-152593F33BB8}
	EndProjectSection
EndProject
Project("{8BC9CEB8-8B4A-11D0-8D11-00A0C91BC942}") = "DataSourceTestToolClient", "DataSourceTestToolClient.vcxproj", "{0380C6E5-797D-374B-88FF-4C879D15A9EE}"
	ProjectSection(ProjectDependencies) = postProject
		{B69D8A1C-5216-337F-88FE-152593F33BB8} = {B69D8A1C-5216-337F-88FE-152593F33BB8}
	EndProjectSection
EndProject
Project("{8BC9CEB8-8B4A-11D0-8D11-00A0C91BC942}") = "ZERO_CHECK", "ZERO_CHECK.vcxproj", "{B69D8A1C-5216-337F-88FE-152593F33BB8}"
	ProjectSection(ProjectDependencies) = postProject
	EndProjectSection
EndProject
Global
	GlobalSection(SolutionConfigurationPlatforms) = preSolution
		Debug|x64 = Debug|x64
		Release|x64 = Release|x64
		MinSizeRel|x64 = MinSizeRel|x64
		RelWithDebInfo|x64 = RelWithDebInfo|x64
	EndGlobalSection
	GlobalSection(ProjectConfigurationPlatforms) = postSolution
		{D2342D0C-1709-319A-B84A-E430AA8833E9}.Debug|x64.ActiveCfg = Debug|x64
		{D2342D0C-1709-319A-B84A-E430AA8833E9}.Release|x64.ActiveCfg = Release|x64
		{D2342D0C-1709-319A-B84A-E430AA8833E9}.MinSizeRel|x64.ActiveCfg = MinSizeRel|x64
		{D2342D0C-1709-319A-B84A-E430AA8833E9}.RelWithDebInfo|x64.ActiveCfg = RelWithDebInfo|x64
		{0380C6E5-797D-374B-88FF-4C879D15A9EE}.Debug|x64.ActiveCfg = Debug|x64
		{0380C6E5-797D-374B-88FF-4C879D15A9EE}.Debug|x64.Build.0 = Debug|x64
		{0380C6E5-797D-374B-88FF-4C879D15A9EE}.Release|x64.ActiveCfg = Release|x64
		{0380C6E5-797D-374B-88FF-4C879D15A9EE}.Release|x64.Build.0 = Release|x64
		{0380C6E5-797D-374B-88FF-4C879D15A9EE}.MinSizeRel|x64.ActiveCfg = MinSizeRel|x64
		{0380C6E5-797D-374B-88FF-4C879D15A9EE}.MinSizeRel|x64.Build.0 = MinSizeRel|x64
		{0380C6E5-797D-374B-88FF-4C879D15A9EE}.RelWithDebInfo|x64.ActiveCfg = RelWithDebInfo|x64
		{0380C6E5-797D-374B-88FF-4C879D15A9EE}.RelWithDebInfo|x64.Build.0 = RelWithDebInfo|x64
		{B69D8A1C-5216-337F-88FE-152593F33BB8}.Debug|x64.ActiveCfg = Debug|x64
		{B69D8A1C-5216-337F-88FE-152593F33BB8}.Debug|x64.Build.0 = Debug|x64
		{B69D8A1C-5216-337F-88FE-152593F33BB8}.Release|x64.ActiveCfg = Release|x64
		{B69D8A1C-5216-337F-88FE-152593F33BB8}.Release|x64.Build.0 = Release|x64
		{B69D8A1C-5216-337F-88FE-152593F33BB8}.MinSizeRel|x64.ActiveCfg = MinSizeRel|x64
		{B69D8A1C-5216-337F-88FE-152593F33BB8}.MinSizeRel|x64.Build.0 = MinSizeRel|x64
		{B69D8A1C-5216-337F-88FE-152593F33BB8}.RelWithDebInfo|x64.ActiveCfg = RelWithDebInfo|x64
		{B69D8A1C-5216-337F-88FE-152593F33BB8}.RelWithDebInfo|x64.Build.0 = RelWithDebInfo|x64
	EndGlobalSection
	GlobalSection(ExtensibilityGlobals) = postSolution
		SolutionGuid = {2930E399-5470-3202-8D6D-8F56B803B1E8}
	EndGlobalSection
	GlobalSection(ExtensibilityAddIns) = postSolution
	EndGlobalSection
EndGlobal
